{
  "name": "@agencycoda/mia-auth",
  "version": "16.0.0",
  "lockfileVersion": 3,
  "requires": true,
  "packages": {
    "": {
      "name": "@agencycoda/mia-auth",
      "version": "16.0.0",
      "dependencies": {
        "@agencycoda/mia-core": "^16.0.0",
        "tslib": "^2.0.0"
      },
      "peerDependencies": {
        "@angular/common": "^16.0.0",
        "@angular/core": "^16.0.0",
        "@ngx-pwa/local-storage": "^16.0.0"
      }
    },
    "../../../../mia-core-angular/dist/agencycoda/mia-core": {
      "name": "@agencycoda/mia-core",
      "version": "16.0.0",
      "dependencies": {
        "tslib": "^2.0.0"
      },
      "peerDependencies": {
        "@angular/common": "^16.0.0",
        "@angular/core": "^16.0.0",
        "@angular/material": "^16.0.0"
      }
    },
    "node_modules/@agencycoda/mia-core": {
      "resolved": "../../../../mia-core-angular/dist/agencycoda/mia-core",
      "link": true
    },
    "node_modules/@angular/common": {
      "version": "16.2.12",
      "resolved": "https://registry.npmjs.org/@angular/common/-/common-16.2.12.tgz",
      "integrity": "sha512-B+WY/cT2VgEaz9HfJitBmgdk4I333XG/ybC98CMC4Wz8E49T8yzivmmxXB3OD6qvjcOB6ftuicl6WBqLbZNg2w==",
      "peer": true,
      "dependencies": {
        "tslib": "^2.3.0"
      },
      "engines": {
        "node": "^16.14.0 || >=18.10.0"
      },
      "peerDependencies": {
        "@angular/core": "16.2.12",
        "rxjs": "^6.5.3 || ^7.4.0"
      }
    },
    "node_modules/@angular/core": {
      "version": "16.2.12",
      "resolved": "https://registry.npmjs.org/@angular/core/-/core-16.2.12.tgz",
      "integrity": "sha512-GLLlDeke/NjroaLYOks0uyzFVo6HyLl7VOm0K1QpLXnYvW63W9Ql/T3yguRZa7tRkOAeFZ3jw+1wnBD4O8MoUA==",
      "peer": true,
      "dependencies": {
        "tslib": "^2.3.0"
      },
      "engines": {
        "node": "^16.14.0 || >=18.10.0"
      },
      "peerDependencies": {
        "rxjs": "^6.5.3 || ^7.4.0",
        "zone.js": "~0.13.0"
      }
    },
    "node_modules/@ngx-pwa/local-storage": {
      "version": "16.3.0",
      "resolved": "https://registry.npmjs.org/@ngx-pwa/local-storage/-/local-storage-16.3.0.tgz",
      "integrity": "sha512-LipYoF8PVTwfQWuUeqzp3UzEmjWh5uUWc4Oikna7esw2qJrZE9leDUlO5ybGLlj2yk89VFVeYw9oMtn1MTeq0g==",
      "peer": true,
      "dependencies": {
        "tslib": "^2.5.0"
      },
      "funding": {
        "type": "github",
        "url": "https://github.com/sponsors/cyrilletuzi"
      },
      "peerDependencies": {
        "@angular/common": "^16.0.0",
        "@angular/core": "^16.0.0",
        "rxjs": "^7.4.0"
      }
    },
    "node_modules/rxjs": {
      "version": "7.8.1",
      "license": "Apache-2.0",
      "peer": true,
      "dependencies": {
        "tslib": "^2.1.0"
      }
    },
    "node_modules/tslib": {
      "version": "2.7.0",
      "license": "0BSD"
    },
    "node_modules/zone.js": {
      "version": "0.13.3",
      "resolved": "https://registry.npmjs.org/zone.js/-/zone.js-0.13.3.tgz",
      "integrity": "sha512-MKPbmZie6fASC/ps4dkmIhaT5eonHkEt6eAy80K42tAm0G2W+AahLJjbfi6X9NPdciOE9GRFTTM8u2IiF6O3ww==",
      "peer": true,
      "dependencies": {
        "tslib": "^2.3.0"
      }
    }
  }
}
